// !$*UTF8*$!
{
	archiveVersion = 1;
	classes = {
	};
	objectVersion = 48;
	objects = {

/* Begin PBXBuildFile section */
		4C09FE052029CE0C00277DDA /* ARViewModel.swift in Sources */ = {isa = PBXBuildFile; fileRef = 4C09FE042029CE0C00277DDA /* ARViewModel.swift */; };
		4C185BA620052908007182D2 /* TinyYOLO.mlmodel in Sources */ = {isa = PBXBuildFile; fileRef = 4C185BA520052908007182D2 /* TinyYOLO.mlmodel */; };
		4C185BAA20052928007182D2 /* YOLO.swift in Sources */ = {isa = PBXBuildFile; fileRef = 4C185BA920052928007182D2 /* YOLO.swift */; };
		4C185BAE20052977007182D2 /* CVPixelBuffer+Helpers.swift in Sources */ = {isa = PBXBuildFile; fileRef = 4C185BAD20052977007182D2 /* CVPixelBuffer+Helpers.swift */; };
		4C3ABFCE20331AD200FB7B70 /* OneModelUsingAnchorsViewController.swift in Sources */ = {isa = PBXBuildFile; fileRef = 4C3ABFCD20331AD200FB7B70 /* OneModelUsingAnchorsViewController.swift */; };
		4C5E3ECC1FFBA2CC001B4493 /* AppDelegate.swift in Sources */ = {isa = PBXBuildFile; fileRef = 4C5E3ECB1FFBA2CC001B4493 /* AppDelegate.swift */; };
		4C5E3ECE1FFBA2CC001B4493 /* art.scnassets in Resources */ = {isa = PBXBuildFile; fileRef = 4C5E3ECD1FFBA2CC001B4493 /* art.scnassets */; };
		4C5E3ED31FFBA2CC001B4493 /* Main.storyboard in Resources */ = {isa = PBXBuildFile; fileRef = 4C5E3ED11FFBA2CC001B4493 /* Main.storyboard */; };
		4C5E3ED51FFBA2CC001B4493 /* Assets.xcassets in Resources */ = {isa = PBXBuildFile; fileRef = 4C5E3ED41FFBA2CC001B4493 /* Assets.xcassets */; };
		4C5E3ED81FFBA2CC001B4493 /* LaunchScreen.storyboard in Resources */ = {isa = PBXBuildFile; fileRef = 4C5E3ED61FFBA2CC001B4493 /* LaunchScreen.storyboard */; };
		4C5E3EE31FFBA2CC001B4493 /* ARExperimentTests.swift in Sources */ = {isa = PBXBuildFile; fileRef = 4C5E3EE21FFBA2CC001B4493 /* ARExperimentTests.swift */; };
		4C8C9FDD1FFE719B00CF9889 /* StartViewController.swift in Sources */ = {isa = PBXBuildFile; fileRef = 4C8C9FDC1FFE719B00CF9889 /* StartViewController.swift */; };
		4CA242F5200533DF00D895C1 /* Helpers.swift in Sources */ = {isa = PBXBuildFile; fileRef = 4CA242F4200533DE00D895C1 /* Helpers.swift */; };
/* End PBXBuildFile section */

/* Begin PBXContainerItemProxy section */
		4C5E3EDF1FFBA2CC001B4493 /* PBXContainerItemProxy */ = {
			isa = PBXContainerItemProxy;
			containerPortal = 4C5E3EC01FFBA2CC001B4493 /* Project object */;
			proxyType = 1;
			remoteGlobalIDString = 4C5E3EC71FFBA2CC001B4493;
			remoteInfo = ARExperiment;
		};
/* End PBXContainerItemProxy section */

/* Begin PBXFileReference section */
		4C09FE042029CE0C00277DDA /* ARViewModel.swift */ = {isa = PBXFileReference; lastKnownFileType = sourcecode.swift; path = ARViewModel.swift; sourceTree = "<group>"; };
		4C185BA520052908007182D2 /* TinyYOLO.mlmodel */ = {isa = PBXFileReference; lastKnownFileType = file.mlmodel; path = TinyYOLO.mlmodel; sourceTree = "<group>"; };
		4C185BA920052928007182D2 /* YOLO.swift */ = {isa = PBXFileReference; fileEncoding = 4; lastKnownFileType = sourcecode.swift; path = YOLO.swift; sourceTree = "<group>"; };
		4C185BAD20052977007182D2 /* CVPixelBuffer+Helpers.swift */ = {isa = PBXFileReference; fileEncoding = 4; lastKnownFileType = sourcecode.swift; path = "CVPixelBuffer+Helpers.swift"; sourceTree = "<group>"; };
		4C3ABFCD20331AD200FB7B70 /* OneModelUsingAnchorsViewController.swift */ = {isa = PBXFileReference; lastKnownFileType = sourcecode.swift; path = OneModelUsingAnchorsViewController.swift; sourceTree = "<group>"; };
		4C5E3EC81FFBA2CC001B4493 /* ARExperiment.app */ = {isa = PBXFileReference; explicitFileType = wrapper.application; includeInIndex = 0; path = ARExperiment.app; sourceTree = BUILT_PRODUCTS_DIR; };
		4C5E3ECB1FFBA2CC001B4493 /* AppDelegate.swift */ = {isa = PBXFileReference; lastKnownFileType = sourcecode.swift; path = AppDelegate.swift; sourceTree = "<group>"; };
		4C5E3ECD1FFBA2CC001B4493 /* art.scnassets */ = {isa = PBXFileReference; lastKnownFileType = wrapper.scnassets; path = art.scnassets; sourceTree = "<group>"; };
		4C5E3ED21FFBA2CC001B4493 /* Base */ = {isa = PBXFileReference; lastKnownFileType = file.storyboard; name = Base; path = Base.lproj/Main.storyboard; sourceTree = "<group>"; };
		4C5E3ED41FFBA2CC001B4493 /* Assets.xcassets */ = {isa = PBXFileReference; lastKnownFileType = folder.assetcatalog; path = Assets.xcassets; sourceTree = "<group>"; };
		4C5E3ED71FFBA2CC001B4493 /* Base */ = {isa = PBXFileReference; lastKnownFileType = file.storyboard; name = Base; path = Base.lproj/LaunchScreen.storyboard; sourceTree = "<group>"; };
		4C5E3ED91FFBA2CC001B4493 /* Info.plist */ = {isa = PBXFileReference; lastKnownFileType = text.plist.xml; path = Info.plist; sourceTree = "<group>"; };
		4C5E3EDE1FFBA2CC001B4493 /* ARExperimentTests.xctest */ = {isa = PBXFileReference; explicitFileType = wrapper.cfbundle; includeInIndex = 0; path = ARExperimentTests.xctest; sourceTree = BUILT_PRODUCTS_DIR; };
		4C5E3EE21FFBA2CC001B4493 /* ARExperimentTests.swift */ = {isa = PBXFileReference; lastKnownFileType = sourcecode.swift; path = ARExperimentTests.swift; sourceTree = "<group>"; };
		4C5E3EE41FFBA2CC001B4493 /* Info.plist */ = {isa = PBXFileReference; lastKnownFileType = text.plist.xml; path = Info.plist; sourceTree = "<group>"; };
		4C8C9FDC1FFE719B00CF9889 /* StartViewController.swift */ = {isa = PBXFileReference; lastKnownFileType = sourcecode.swift; path = StartViewController.swift; sourceTree = "<group>"; };
		4CA242F4200533DE00D895C1 /* Helpers.swift */ = {isa = PBXFileReference; fileEncoding = 4; lastKnownFileType = sourcecode.swift; path = Helpers.swift; sourceTree = "<group>"; };
/* End PBXFileReference section */

/* Begin PBXFrameworksBuildPhase section */
		4C5E3EC51FFBA2CC001B4493 /* Frameworks */ = {
			isa = PBXFrameworksBuildPhase;
			buildActionMask = 2147483647;
			files = (
			);
			runOnlyForDeploymentPostprocessing = 0;
		};
		4C5E3EDB1FFBA2CC001B4493 /* Frameworks */ = {
			isa = PBXFrameworksBuildPhase;
			buildActionMask = 2147483647;
			files = (
			);
			runOnlyForDeploymentPostprocessing = 0;
		};
/* End PBXFrameworksBuildPhase section */

/* Begin PBXGroup section */
		4C3DF54F201B72C4008F81E8 /* TinyYolo Helpers */ = {
			isa = PBXGroup;
			children = (
				4C185BA520052908007182D2 /* TinyYOLO.mlmodel */,
				4CA242F4200533DE00D895C1 /* Helpers.swift */,
				4C185BA920052928007182D2 /* YOLO.swift */,
				4C185BAD20052977007182D2 /* CVPixelBuffer+Helpers.swift */,
			);
			path = "TinyYolo Helpers";
			sourceTree = "<group>";
		};
		4C5E3EBF1FFBA2CC001B4493 = {
			isa = PBXGroup;
			children = (
				4C5E3ECA1FFBA2CC001B4493 /* ARExperiment */,
				4C5E3EE11FFBA2CC001B4493 /* ARExperimentTests */,
				4C5E3EC91FFBA2CC001B4493 /* Products */,
			);
			sourceTree = "<group>";
		};
		4C5E3EC91FFBA2CC001B4493 /* Products */ = {
			isa = PBXGroup;
			children = (
				4C5E3EC81FFBA2CC001B4493 /* ARExperiment.app */,
				4C5E3EDE1FFBA2CC001B4493 /* ARExperimentTests.xctest */,
			);
			name = Products;
			sourceTree = "<group>";
		};
		4C5E3ECA1FFBA2CC001B4493 /* ARExperiment */ = {
			isa = PBXGroup;
			children = (
				4C5E3ECB1FFBA2CC001B4493 /* AppDelegate.swift */,
				4C5E3ECD1FFBA2CC001B4493 /* art.scnassets */,
				4C3DF54F201B72C4008F81E8 /* TinyYolo Helpers */,
				4C8C9FDC1FFE719B00CF9889 /* StartViewController.swift */,
				4C3ABFCD20331AD200FB7B70 /* OneModelUsingAnchorsViewController.swift */,
				4C09FE042029CE0C00277DDA /* ARViewModel.swift */,
				4C5E3ED11FFBA2CC001B4493 /* Main.storyboard */,
				4C5E3ED41FFBA2CC001B4493 /* Assets.xcassets */,
				4C5E3ED61FFBA2CC001B4493 /* LaunchScreen.storyboard */,
				4C5E3ED91FFBA2CC001B4493 /* Info.plist */,
			);
			path = ARExperiment;
			sourceTree = "<group>";
		};
		4C5E3EE11FFBA2CC001B4493 /* ARExperimentTests */ = {
			isa = PBXGroup;
			children = (
				4C5E3EE21FFBA2CC001B4493 /* ARExperimentTests.swift */,
				4C5E3EE41FFBA2CC001B4493 /* Info.plist */,
			);
			path = ARExperimentTests;
			sourceTree = "<group>";
		};
/* End PBXGroup section */

/* Begin PBXNativeTarget section */
		4C5E3EC71FFBA2CC001B4493 /* ARExperiment */ = {
			isa = PBXNativeTarget;
			buildConfigurationList = 4C5E3EE71FFBA2CC001B4493 /* Build configuration list for PBXNativeTarget "ARExperiment" */;
			buildPhases = (
				4C5E3EC41FFBA2CC001B4493 /* Sources */,
				4C5E3EC51FFBA2CC001B4493 /* Frameworks */,
				4C5E3EC61FFBA2CC001B4493 /* Resources */,
			);
			buildRules = (
			);
			dependencies = (
			);
			name = ARExperiment;
			productName = ARExperiment;
			productReference = 4C5E3EC81FFBA2CC001B4493 /* ARExperiment.app */;
			productType = "com.apple.product-type.application";
		};
		4C5E3EDD1FFBA2CC001B4493 /* ARExperimentTests */ = {
			isa = PBXNativeTarget;
			buildConfigurationList = 4C5E3EEA1FFBA2CC001B4493 /* Build configuration list for PBXNativeTarget "ARExperimentTests" */;
			buildPhases = (
				4C5E3EDA1FFBA2CC001B4493 /* Sources */,
				4C5E3EDB1FFBA2CC001B4493 /* Frameworks */,
				4C5E3EDC1FFBA2CC001B4493 /* Resources */,
			);
			buildRules = (
			);
			dependencies = (
				4C5E3EE01FFBA2CC001B4493 /* PBXTargetDependency */,
			);
			name = ARExperimentTests;
			productName = ARExperimentTests;
			productReference = 4C5E3EDE1FFBA2CC001B4493 /* ARExperimentTests.xctest */;
			productType = "com.apple.product-type.bundle.unit-test";
		};
/* End PBXNativeTarget section */

/* Begin PBXProject section */
		4C5E3EC01FFBA2CC001B4493 /* Project object */ = {
			isa = PBXProject;
			attributes = {
				LastSwiftUpdateCheck = 0920;
				LastUpgradeCheck = 0920;
				ORGANIZATIONNAME = "Berta Devant";
				TargetAttributes = {
					4C5E3EC71FFBA2CC001B4493 = {
						CreatedOnToolsVersion = 9.2;
						ProvisioningStyle = Automatic;
					};
					4C5E3EDD1FFBA2CC001B4493 = {
						CreatedOnToolsVersion = 9.2;
						ProvisioningStyle = Automatic;
						TestTargetID = 4C5E3EC71FFBA2CC001B4493;
					};
				};
			};
			buildConfigurationList = 4C5E3EC31FFBA2CC001B4493 /* Build configuration list for PBXProject "ARExperiment" */;
			compatibilityVersion = "Xcode 8.0";
			developmentRegion = en;
			hasScannedForEncodings = 0;
			knownRegions = (
				en,
				Base,
			);
			mainGroup = 4C5E3EBF1FFBA2CC001B4493;
			productRefGroup = 4C5E3EC91FFBA2CC001B4493 /* Products */;
			projectDirPath = "";
			projectRoot = "";
			targets = (
				4C5E3EC71FFBA2CC001B4493 /* ARExperiment */,
				4C5E3EDD1FFBA2CC001B4493 /* ARExperimentTests */,
			);
		};
/* End PBXProject section */

/* Begin PBXResourcesBuildPhase section */
		4C5E3EC61FFBA2CC001B4493 /* Resources */ = {
			isa = PBXResourcesBuildPhase;
			buildActionMask = 2147483647;
			files = (
				4C5E3ECE1FFBA2CC001B4493 /* art.scnassets in Resources */,
				4C5E3ED81FFBA2CC001B4493 /* LaunchScreen.storyboard in Resources */,
				4C5E3ED51FFBA2CC001B4493 /* Assets.xcassets in Resources */,
				4C5E3ED31FFBA2CC001B4493 /* Main.storyboard in Resources */,
			);
			runOnlyForDeploymentPostprocessing = 0;
		};
		4C5E3EDC1FFBA2CC001B4493 /* Resources */ = {
			isa = PBXResourcesBuildPhase;
			buildActionMask = 2147483647;
			files = (
			);
			runOnlyForDeploymentPostprocessing = 0;
		};
/* End PBXResourcesBuildPhase section */

/* Begin PBXSourcesBuildPhase section */
		4C5E3EC41FFBA2CC001B4493 /* Sources */ = {
			isa = PBXSourcesBuildPhase;
			buildActionMask = 2147483647;
			files = (
				4C185BAA20052928007182D2 /* YOLO.swift in Sources */,
				4C185BAE20052977007182D2 /* CVPixelBuffer+Helpers.swift in Sources */,
				4C09FE052029CE0C00277DDA /* ARViewModel.swift in Sources */,
				4C3ABFCE20331AD200FB7B70 /* OneModelUsingAnchorsViewController.swift in Sources */,
				4CA242F5200533DF00D895C1 /* Helpers.swift in Sources */,
				4C5E3ECC1FFBA2CC001B4493 /* AppDelegate.swift in Sources */,
				4C185BA620052908007182D2 /* TinyYOLO.mlmodel in Sources */,
				4C8C9FDD1FFE719B00CF9889 /* StartViewController.swift in Sources */,
			);
			runOnlyForDeploymentPostprocessing = 0;
		};
		4C5E3EDA1FFBA2CC001B4493 /* Sources */ = {
			isa = PBXSourcesBuildPhase;
			buildActionMask = 2147483647;
			files = (
				4C5E3EE31FFBA2CC001B4493 /* ARExperimentTests.swift in Sources */,
			);
			runOnlyForDeploymentPostprocessing = 0;
		};
/* End PBXSourcesBuildPhase section */

/* Begin PBXTargetDependency section */
		4C5E3EE01FFBA2CC001B4493 /* PBXTargetDependency */ = {
			isa = PBXTargetDependency;
			target = 4C5E3EC71FFBA2CC001B4493 /* ARExperiment */;
			targetProxy = 4C5E3EDF1FFBA2CC001B4493 /* PBXContainerItemProxy */;
		};
/* End PBXTargetDependency section */

/* Begin PBXVariantGroup section */
		4C5E3ED11FFBA2CC001B4493 /* Main.storyboard */ = {
			isa = PBXVariantGroup;
			children = (
				4C5E3ED21FFBA2CC001B4493 /* Base */,
			);
			name = Main.storyboard;
			sourceTree = "<group>";
		};
		4C5E3ED61FFBA2CC001B4493 /* LaunchScreen.storyboard */ = {
			isa = PBXVariantGroup;
			children = (
				4C5E3ED71FFBA2CC001B4493 /* Base */,
			);
			name = LaunchScreen.storyboard;
			sourceTree = "<group>";
		};
/* End PBXVariantGroup section */

/* Begin XCBuildConfiguration section */
		4C5E3EE51FFBA2CC001B4493 /* Debug */ = {
			isa = XCBuildConfiguration;
			buildSettings = {
				ALWAYS_SEARCH_USER_PATHS = NO;
				CLANG_ANALYZER_NONNULL = YES;
				CLANG_ANALYZER_NUMBER_OBJECT_CONVERSION = YES_AGGRESSIVE;
				CLANG_CXX_LANGUAGE_STANDARD = "gnu++14";
				CLANG_CXX_LIBRARY = "libc++";
				CLANG_ENABLE_MODULES = YES;
				CLANG_ENABLE_OBJC_ARC = YES;
				CLANG_WARN_BLOCK_CAPTURE_AUTORELEASING = YES;
				CLANG_WARN_BOOL_CONVERSION = YES;
				CLANG_WARN_COMMA = YES;
				CLANG_WARN_CONSTANT_CONVERSION = YES;
				CLANG_WARN_DIRECT_OBJC_ISA_USAGE = YES_ERROR;
				CLANG_WARN_DOCUMENTATION_COMMENTS = YES;
				CLANG_WARN_EMPTY_BODY = YES;
				CLANG_WARN_ENUM_CONVERSION = YES;
				CLANG_WARN_INFINITE_RECURSION = YES;
				CLANG_WARN_INT_CONVERSION = YES;
				CLANG_WARN_NON_LITERAL_NULL_CONVERSION = YES;
				CLANG_WARN_OBJC_LITERAL_CONVERSION = YES;
				CLANG_WARN_OBJC_ROOT_CLASS = YES_ERROR;
				CLANG_WARN_RANGE_LOOP_ANALYSIS = YES;
				CLANG_WARN_STRICT_PROTOTYPES = YES;
				CLANG_WARN_SUSPICIOUS_MOVE = YES;
				CLANG_WARN_UNGUARDED_AVAILABILITY = YES_AGGRESSIVE;
				CLANG_WARN_UNREACHABLE_CODE = YES;
				CLANG_WARN__DUPLICATE_METHOD_MATCH = YES;
				CODE_SIGN_IDENTITY = "iPhone Developer";
				COPY_PHASE_STRIP = NO;
				DEBUG_INFORMATION_FORMAT = dwarf;
				ENABLE_STRICT_OBJC_MSGSEND = YES;
				ENABLE_TESTABILITY = YES;
				GCC_C_LANGUAGE_STANDARD = gnu11;
				GCC_DYNAMIC_NO_PIC = NO;
				GCC_NO_COMMON_BLOCKS = YES;
				GCC_OPTIMIZATION_LEVEL = 0;
				GCC_PREPROCESSOR_DEFINITIONS = (
					"DEBUG=1",
					"$(inherited)",
				);
				GCC_WARN_64_TO_32_BIT_CONVERSION = YES;
				GCC_WARN_ABOUT_RETURN_TYPE = YES_ERROR;
				GCC_WARN_UNDECLARED_SELECTOR = YES;
				GCC_WARN_UNINITIALIZED_AUTOS = YES_AGGRESSIVE;
				GCC_WARN_UNUSED_FUNCTION = YES;
				GCC_WARN_UNUSED_VARIABLE = YES;
				IPHONEOS_DEPLOYMENT_TARGET = 11.2;
				MTL_ENABLE_DEBUG_INFO = YES;
				ONLY_ACTIVE_ARCH = YES;
				SDKROOT = iphoneos;
				SWIFT_ACTIVE_COMPILATION_CONDITIONS = DEBUG;
				SWIFT_OPTIMIZATION_LEVEL = "-Onone";
			};
			name = Debug;
		};
		4C5E3EE61FFBA2CC001B4493 /* Release */ = {
			isa = XCBuildConfiguration;
			buildSettings = {
				ALWAYS_SEARCH_USER_PATHS = NO;
				CLANG_ANALYZER_NONNULL = YES;
				CLANG_ANALYZER_NUMBER_OBJECT_CONVERSION = YES_AGGRESSIVE;
				CLANG_CXX_LANGUAGE_STANDARD = "gnu++14";
				CLANG_CXX_LIBRARY = "libc++";
				CLANG_ENABLE_MODULES = YES;
				CLANG_ENABLE_OBJC_ARC = YES;
				CLANG_WARN_BLOCK_CAPTURE_AUTORELEASING = YES;
				CLANG_WARN_BOOL_CONVERSION = YES;
				CLANG_WARN_COMMA = YES;
				CLANG_WARN_CONSTANT_CONVERSION = YES;
				CLANG_WARN_DIRECT_OBJC_ISA_USAGE = YES_ERROR;
				CLANG_WARN_DOCUMENTATION_COMMENTS = YES;
				CLANG_WARN_EMPTY_BODY = YES;
				CLANG_WARN_ENUM_CONVERSION = YES;
				CLANG_WARN_INFINITE_RECURSION = YES;
				CLANG_WARN_INT_CONVERSION = YES;
				CLANG_WARN_NON_LITERAL_NULL_CONVERSION = YES;
				CLANG_WARN_OBJC_LITERAL_CONVERSION = YES;
				CLANG_WARN_OBJC_ROOT_CLASS = YES_ERROR;
				CLANG_WARN_RANGE_LOOP_ANALYSIS = YES;
				CLANG_WARN_STRICT_PROTOTYPES = YES;
				CLANG_WARN_SUSPICIOUS_MOVE = YES;
				CLANG_WARN_UNGUARDED_AVAILABILITY = YES_AGGRESSIVE;
				CLANG_WARN_UNREACHABLE_CODE = YES;
				CLANG_WARN__DUPLICATE_METHOD_MATCH = YES;
				CODE_SIGN_IDENTITY = "iPhone Developer";
				COPY_PHASE_STRIP = NO;
				DEBUG_INFORMATION_FORMAT = "dwarf-with-dsym";
				ENABLE_NS_ASSERTIONS = NO;
				ENABLE_STRICT_OBJC_MSGSEND = YES;
				GCC_C_LANGUAGE_STANDARD = gnu11;
				GCC_NO_COMMON_BLOCKS = YES;
				GCC_WARN_64_TO_32_BIT_CONVERSION = YES;
				GCC_WARN_ABOUT_RETURN_TYPE = YES_ERROR;
				GCC_WARN_UNDECLARED_SELECTOR = YES;
				GCC_WARN_UNINITIALIZED_AUTOS = YES_AGGRESSIVE;
				GCC_WARN_UNUSED_FUNCTION = YES;
				GCC_WARN_UNUSED_VARIABLE = YES;
				IPHONEOS_DEPLOYMENT_TARGET = 11.2;
				MTL_ENABLE_DEBUG_INFO = NO;
				SDKROOT = iphoneos;
				SWIFT_OPTIMIZATION_LEVEL = "-Owholemodule";
				VALIDATE_PRODUCT = YES;
			};
			name = Release;
		};
		4C5E3EE81FFBA2CC001B4493 /* Debug */ = {
			isa = XCBuildConfiguration;
			buildSettings = {
				ASSETCATALOG_COMPILER_APPICON_NAME = AppIcon;
				CODE_SIGN_STYLE = Automatic;
				DEVELOPMENT_TEAM = CMGKJSD9NW;
				INFOPLIST_FILE = ARExperiment/Info.plist;
				IPHONEOS_DEPLOYMENT_TARGET = 11.3;
				LD_RUNPATH_SEARCH_PATHS = "$(inherited) @executable_path/Frameworks";
				PRODUCT_BUNDLE_IDENTIFIER = novoda.ios.ARExperiment;
				PRODUCT_NAME = "$(TARGET_NAME)";
				SWIFT_VERSION = 4.0;
				TARGETED_DEVICE_FAMILY = "1,2";
			};
			name = Debug;
		};
		4C5E3EE91FFBA2CC001B4493 /* Release */ = {
			isa = XCBuildConfiguration;
			buildSettings = {
				ASSETCATALOG_COMPILER_APPICON_NAME = AppIcon;
				CODE_SIGN_STYLE = Automatic;
				DEVELOPMENT_TEAM = CMGKJSD9NW;
				INFOPLIST_FILE = ARExperiment/Info.plist;
				IPHONEOS_DEPLOYMENT_TARGET = 11.3;
				LD_RUNPATH_SEARCH_PATHS = "$(inherited) @executable_path/Frameworks";
				PRODUCT_BUNDLE_IDENTIFIER = novoda.ios.ARExperiment;
				PRODUCT_NAME = "$(TARGET_NAME)";
				SWIFT_VERSION = 4.0;
				TARGETED_DEVICE_FAMILY = "1,2";
			};
			name = Release;
		};
		4C5E3EEB1FFBA2CC001B4493 /* Debug */ = {
			isa = XCBuildConfiguration;
			buildSettings = {
				ALWAYS_EMBED_SWIFT_STANDARD_LIBRARIES = YES;
				BUNDLE_LOADER = "$(TEST_HOST)";
				CODE_SIGN_STYLE = Automatic;
				DEVELOPMENT_TEAM = V994K8B55B;
				INFOPLIST_FILE = ARExperimentTests/Info.plist;
				LD_RUNPATH_SEARCH_PATHS = "$(inherited) @executable_path/Frameworks @loader_path/Frameworks";
				PRODUCT_BUNDLE_IDENTIFIER = novoda.ios.ARExperimentTests;
				PRODUCT_NAME = "$(TARGET_NAME)";
				SWIFT_VERSION = 4.0;
				TARGETED_DEVICE_FAMILY = "1,2";
				TEST_HOST = "$(BUILT_PRODUCTS_DIR)/ARExperiment.app/ARExperiment";
			};
			name = Debug;
		};
		4C5E3EEC1FFBA2CC001B4493 /* Release */ = {
			isa = XCBuildConfiguration;
			buildSettings = {
				ALWAYS_EMBED_SWIFT_STANDARD_LIBRARIES = YES;
				BUNDLE_LOADER = "$(TEST_HOST)";
				CODE_SIGN_STYLE = Automatic;
				DEVELOPMENT_TEAM = V994K8B55B;
				INFOPLIST_FILE = ARExperimentTests/Info.plist;
				LD_RUNPATH_SEARCH_PATHS = "$(inherited) @executable_path/Frameworks @loader_path/Frameworks";
				PRODUCT_BUNDLE_IDENTIFIER = novoda.ios.ARExperimentTests;
				PRODUCT_NAME = "$(TARGET_NAME)";
				SWIFT_VERSION = 4.0;
				TARGETED_DEVICE_FAMILY = "1,2";
				TEST_HOST = "$(BUILT_PRODUCTS_DIR)/ARExperiment.app/ARExperiment";
			};
			name = Release;
		};
/* End XCBuildConfiguration section */

/* Begin XCConfigurationList section */
		4C5E3EC31FFBA2CC001B4493 /* Build configuration list for PBXProject "ARExperiment" */ = {
			isa = XCConfigurationList;
			buildConfigurations = (
				4C5E3EE51FFBA2CC001B4493 /* Debug */,
				4C5E3EE61FFBA2CC001B4493 /* Release */,
			);
			defaultConfigurationIsVisible = 0;
			defaultConfigurationName = Release;
		};
		4C5E3EE71FFBA2CC001B4493 /* Build configuration list for PBXNativeTarget "ARExperiment" */ = {
			isa = XCConfigurationList;
			buildConfigurations = (
				4C5E3EE81FFBA2CC001B4493 /* Debug */,
				4C5E3EE91FFBA2CC001B4493 /* Release */,
			);
			defaultConfigurationIsVisible = 0;
			defaultConfigurationName = Release;
		};
		4C5E3EEA1FFBA2CC001B4493 /* Build configuration list for PBXNativeTarget "ARExperimentTests" */ = {
			isa = XCConfigurationList;
			buildConfigurations = (
				4C5E3EEB1FFBA2CC001B4493 /* Debug */,
				4C5E3EEC1FFBA2CC001B4493 /* Release */,
			);
			defaultConfigurationIsVisible = 0;
			defaultConfigurationName = Release;
		};
/* End XCConfigurationList section */
	};
	rootObject = 4C5E3EC01FFBA2CC001B4493 /* Project object */;
}
